
Microsoft Visual Studio Solution File, Format Version 12.00
# Visual Studio Version 17
VisualStudioVersion = 17.5.33414.496
MinimumVisualStudioVersion = 10.0.40219.1
Project("{FAE04EC0-301F-11D3-BF4B-00C04F79EFBC}") = "Series", "Series\Series.csproj", "{83F69208-9D7F-46D2-B0FC-CEC647D1261F}"
EndProject
Project("{2150E333-8FDC-42A3-9474-1A3956D46DE8}") = "Classes", "Classes", "{346E3530-A64B-45F8-95CF-652FAF79DD2F}"
	ProjectSection(SolutionItems) = preProject
		Series\EntidadeBase.cs = Series\EntidadeBase.cs
		Series\LivroRepositorio.cs = Series\LivroRepositorio.cs
		Series\Livros.cs = Series\Livros.cs
	EndProjectSection
EndProject
Project("{2150E333-8FDC-42A3-9474-1A3956D46DE8}") = "Interfaces", "Interfaces", "{BED361A3-74B3-4F64-9F6F-C92B1D098644}"
	ProjectSection(SolutionItems) = preProject
		Series\IRepositorio.cs = Series\IRepositorio.cs
	EndProjectSection
EndProject
Project("{2150E333-8FDC-42A3-9474-1A3956D46DE8}") = "Enun", "Enun", "{0240A70F-4601-4F36-BE25-5D1F4B790E45}"
	ProjectSection(SolutionItems) = preProject
		Series\Genero.cs = Series\Genero.cs
	EndProjectSection
EndProject
Global
	GlobalSection(SolutionConfigurationPlatforms) = preSolution
		Debug|Any CPU = Debug|Any CPU
		Release|Any CPU = Release|Any CPU
	EndGlobalSection
	GlobalSection(ProjectConfigurationPlatforms) = postSolution
		{83F69208-9D7F-46D2-B0FC-CEC647D1261F}.Debug|Any CPU.ActiveCfg = Debug|Any CPU
		{83F69208-9D7F-46D2-B0FC-CEC647D1261F}.Debug|Any CPU.Build.0 = Debug|Any CPU
		{83F69208-9D7F-46D2-B0FC-CEC647D1261F}.Release|Any CPU.ActiveCfg = Release|Any CPU
		{83F69208-9D7F-46D2-B0FC-CEC647D1261F}.Release|Any CPU.Build.0 = Release|Any CPU
	EndGlobalSection
	GlobalSection(SolutionProperties) = preSolution
		HideSolutionNode = FALSE
	EndGlobalSection
	GlobalSection(ExtensibilityGlobals) = postSolution
		SolutionGuid = {66081277-A8BF-4BBD-B683-389F4E1E473E}
	EndGlobalSection
EndGlobal
